
Microsoft Visual Studio Solution File, Format Version 12.00
# Visual Studio Version 17
VisualStudioVersion = 17.13.35825.156 d17.13
MinimumVisualStudioVersion = 10.0.40219.1
Project("{FAE04EC0-301F-11D3-BF4B-00C04F79EFBC}") = "GamePlayDLL", "GamePlayDLL.csproj", "{C1F2E325-6CEC-4024-81B3-0EB92805A148}"
EndProject
Global
	GlobalSection(SolutionConfigurationPlatforms) = preSolution
		Debug|Any CPU = Debug|Any CPU
		Release|Any CPU = Release|Any CPU
	EndGlobalSection
	GlobalSection(ProjectConfigurationPlatforms) = postSolution
		{C1F2E325-6CEC-4024-81B3-0EB92805A148}.Debug|Any CPU.ActiveCfg = Debug|Any CPU
		{C1F2E325-6CEC-4024-81B3-0EB92805A148}.Debug|Any CPU.Build.0 = Debug|Any CPU
		{C1F2E325-6CEC-4024-81B3-0EB92805A148}.Release|Any CPU.ActiveCfg = Release|Any CPU
		{C1F2E325-6CEC-4024-81B3-0EB92805A148}.Release|Any CPU.Build.0 = Release|Any CPU
	EndGlobalSection
	GlobalSection(SolutionProperties) = preSolution
		HideSolutionNode = FALSE
	EndGlobalSection
	GlobalSection(ExtensibilityGlobals) = postSolution
		SolutionGuid = {63ED14B9-ABCF-44BC-8903-5902BB908512}
	EndGlobalSection
EndGlobal
